// !$*UTF8*$!
{
	archiveVersion = 1;
	classes = {
	};
	objectVersion = 56;
	objects = {

/* Begin PBXBuildFile section */
		2D14343B2D20404500F51501 /* ListViewModel.swift in Sources */ = {isa = PBXBuildFile; fileRef = 2D14343A2D20404500F51501 /* ListViewModel.swift */; };
		2D1434472D20983900F51501 /* ChecklistItem.swift in Sources */ = {isa = PBXBuildFile; fileRef = 2D1434462D20983900F51501 /* ChecklistItem.swift */; };
		2D1434492D21C83600F51501 /* AddRowView.swift in Sources */ = {isa = PBXBuildFile; fileRef = 2D1434482D21C83600F51501 /* AddRowView.swift */; };
		2D191DBD2D1F2858009B410F /* CheckListApp.swift in Sources */ = {isa = PBXBuildFile; fileRef = 2D191DBC2D1F2858009B410F /* CheckListApp.swift */; };
		2D191DBF2D1F2858009B410F /* ListView.swift in Sources */ = {isa = PBXBuildFile; fileRef = 2D191DBE2D1F2858009B410F /* ListView.swift */; };
		2D191DC12D1F2859009B410F /* Assets.xcassets in Resources */ = {isa = PBXBuildFile; fileRef = 2D191DC02D1F2859009B410F /* Assets.xcassets */; };
		2D191DC42D1F2859009B410F /* Preview Assets.xcassets in Resources */ = {isa = PBXBuildFile; fileRef = 2D191DC32D1F2859009B410F /* Preview Assets.xcassets */; };
		2D191DCD2D1F4288009B410F /* ListRowView.swift in Sources */ = {isa = PBXBuildFile; fileRef = 2D191DCC2D1F4288009B410F /* ListRowView.swift */; };
		2D191DCF2D1F4B96009B410F /* AddView.swift in Sources */ = {isa = PBXBuildFile; fileRef = 2D191DCE2D1F4B96009B410F /* AddView.swift */; };
		2D191DD32D1F56BB009B410F /* ItemModel.swift in Sources */ = {isa = PBXBuildFile; fileRef = 2D191DD22D1F56BB009B410F /* ItemModel.swift */; };
/* End PBXBuildFile section */

/* Begin PBXFileReference section */
		2D14343A2D20404500F51501 /* ListViewModel.swift */ = {isa = PBXFileReference; lastKnownFileType = sourcecode.swift; path = ListViewModel.swift; sourceTree = "<group>"; };
		2D1434462D20983900F51501 /* ChecklistItem.swift */ = {isa = PBXFileReference; lastKnownFileType = sourcecode.swift; path = ChecklistItem.swift; sourceTree = "<group>"; };
		2D1434482D21C83600F51501 /* AddRowView.swift */ = {isa = PBXFileReference; lastKnownFileType = sourcecode.swift; path = AddRowView.swift; sourceTree = "<group>"; };
		2D191DB92D1F2858009B410F /* CheckList.app */ = {isa = PBXFileReference; explicitFileType = wrapper.application; includeInIndex = 0; path = CheckList.app; sourceTree = BUILT_PRODUCTS_DIR; };
		2D191DBC2D1F2858009B410F /* CheckListApp.swift */ = {isa = PBXFileReference; lastKnownFileType = sourcecode.swift; path = CheckListApp.swift; sourceTree = "<group>"; };
		2D191DBE2D1F2858009B410F /* ListView.swift */ = {isa = PBXFileReference; lastKnownFileType = sourcecode.swift; path = ListView.swift; sourceTree = "<group>"; };
		2D191DC02D1F2859009B410F /* Assets.xcassets */ = {isa = PBXFileReference; lastKnownFileType = folder.assetcatalog; path = Assets.xcassets; sourceTree = "<group>"; };
		2D191DC32D1F2859009B410F /* Preview Assets.xcassets */ = {isa = PBXFileReference; lastKnownFileType = folder.assetcatalog; path = "Preview Assets.xcassets"; sourceTree = "<group>"; };
		2D191DCC2D1F4288009B410F /* ListRowView.swift */ = {isa = PBXFileReference; lastKnownFileType = sourcecode.swift; path = ListRowView.swift; sourceTree = "<group>"; };
		2D191DCE2D1F4B96009B410F /* AddView.swift */ = {isa = PBXFileReference; lastKnownFileType = sourcecode.swift; path = AddView.swift; sourceTree = "<group>"; };
		2D191DD22D1F56BB009B410F /* ItemModel.swift */ = {isa = PBXFileReference; lastKnownFileType = sourcecode.swift; path = ItemModel.swift; sourceTree = "<group>"; };
/* End PBXFileReference section */

/* Begin PBXFrameworksBuildPhase section */
		2D191DB62D1F2858009B410F /* Frameworks */ = {
			isa = PBXFrameworksBuildPhase;
			buildActionMask = 2147483647;
			files = (
			);
			runOnlyForDeploymentPostprocessing = 0;
		};
/* End PBXFrameworksBuildPhase section */

/* Begin PBXGroup section */
		2D1434392D201A4C00F51501 /* ViewModels */ = {
			isa = PBXGroup;
			children = (
				2D14343A2D20404500F51501 /* ListViewModel.swift */,
			);
			path = ViewModels;
			sourceTree = "<group>";
		};
		2D191DB02D1F2858009B410F = {
			isa = PBXGroup;
			children = (
				2D191DBB2D1F2858009B410F /* CheckList */,
				2D191DBA2D1F2858009B410F /* Products */,
			);
			sourceTree = "<group>";
		};
		2D191DBA2D1F2858009B410F /* Products */ = {
			isa = PBXGroup;
			children = (
				2D191DB92D1F2858009B410F /* CheckList.app */,
			);
			name = Products;
			sourceTree = "<group>";
		};
		2D191DBB2D1F2858009B410F /* CheckList */ = {
			isa = PBXGroup;
			children = (
				2D1434392D201A4C00F51501 /* ViewModels */,
				2D191DD12D1F5614009B410F /* Models */,
				2D191DD02D1F560E009B410F /* Views */,
				2D191DC02D1F2859009B410F /* Assets.xcassets */,
				2D191DC22D1F2859009B410F /* Preview Content */,
			);
			path = CheckList;
			sourceTree = "<group>";
		};
		2D191DC22D1F2859009B410F /* Preview Content */ = {
			isa = PBXGroup;
			children = (
				2D191DC32D1F2859009B410F /* Preview Assets.xcassets */,
			);
			path = "Preview Content";
			sourceTree = "<group>";
		};
		2D191DD02D1F560E009B410F /* Views */ = {
			isa = PBXGroup;
			children = (
				2D191DCC2D1F4288009B410F /* ListRowView.swift */,
				2D191DCE2D1F4B96009B410F /* AddView.swift */,
				2D191DBC2D1F2858009B410F /* CheckListApp.swift */,
				2D191DBE2D1F2858009B410F /* ListView.swift */,
				2D1434482D21C83600F51501 /* AddRowView.swift */,
			);
			path = Views;
			sourceTree = "<group>";
		};
		2D191DD12D1F5614009B410F /* Models */ = {
			isa = PBXGroup;
			children = (
				2D191DD22D1F56BB009B410F /* ItemModel.swift */,
				2D1434462D20983900F51501 /* ChecklistItem.swift */,
			);
			path = Models;
			sourceTree = "<group>";
		};
/* End PBXGroup section */

/* Begin PBXNativeTarget section */
		2D191DB82D1F2858009B410F /* CheckList */ = {
			isa = PBXNativeTarget;
			buildConfigurationList = 2D191DC72D1F2859009B410F /* Build configuration list for PBXNativeTarget "CheckList" */;
			buildPhases = (
				2D191DB52D1F2858009B410F /* Sources */,
				2D191DB62D1F2858009B410F /* Frameworks */,
				2D191DB72D1F2858009B410F /* Resources */,
			);
			buildRules = (
			);
			dependencies = (
			);
			name = CheckList;
			productName = CheckList;
			productReference = 2D191DB92D1F2858009B410F /* CheckList.app */;
			productType = "com.apple.product-type.application";
		};
/* End PBXNativeTarget section */

/* Begin PBXProject section */
		2D191DB12D1F2858009B410F /* Project object */ = {
			isa = PBXProject;
			attributes = {
				BuildIndependentTargetsInParallel = 1;
				LastSwiftUpdateCheck = 1540;
				LastUpgradeCheck = 1540;
				TargetAttributes = {
					2D191DB82D1F2858009B410F = {
						CreatedOnToolsVersion = 15.4;
					};
				};
			};
			buildConfigurationList = 2D191DB42D1F2858009B410F /* Build configuration list for PBXProject "CheckList" */;
			compatibilityVersion = "Xcode 14.0";
			developmentRegion = en;
			hasScannedForEncodings = 0;
			knownRegions = (
				en,
				Base,
			);
			mainGroup = 2D191DB02D1F2858009B410F;
			productRefGroup = 2D191DBA2D1F2858009B410F /* Products */;
			projectDirPath = "";
			projectRoot = "";
			targets = (
				2D191DB82D1F2858009B410F /* CheckList */,
			);
		};
/* End PBXProject section */

/* Begin PBXResourcesBuildPhase section */
		2D191DB72D1F2858009B410F /* Resources */ = {
			isa = PBXResourcesBuildPhase;
			buildActionMask = 2147483647;
			files = (
				2D191DC42D1F2859009B410F /* Preview Assets.xcassets in Resources */,
				2D191DC12D1F2859009B410F /* Assets.xcassets in Resources */,
			);
			runOnlyForDeploymentPostprocessing = 0;
		};
/* End PBXResourcesBuildPhase section */

/* Begin PBXSourcesBuildPhase section */
		2D191DB52D1F2858009B410F /* Sources */ = {
			isa = PBXSourcesBuildPhase;
			buildActionMask = 2147483647;
			files = (
				2D191DD32D1F56BB009B410F /* ItemModel.swift in Sources */,
				2D191DCF2D1F4B96009B410F /* AddView.swift in Sources */,
				2D14343B2D20404500F51501 /* ListViewModel.swift in Sources */,
				2D191DBF2D1F2858009B410F /* ListView.swift in Sources */,
				2D191DBD2D1F2858009B410F /* CheckListApp.swift in Sources */,
				2D191DCD2D1F4288009B410F /* ListRowView.swift in Sources */,
				2D1434472D20983900F51501 /* ChecklistItem.swift in Sources */,
				2D1434492D21C83600F51501 /* AddRowView.swift in Sources */,
			);
			runOnlyForDeploymentPostprocessing = 0;
		};
/* End PBXSourcesBuildPhase section */

/* Begin XCBuildConfiguration section */
		2D191DC52D1F2859009B410F /* Debug */ = {
			isa = XCBuildConfiguration;
			buildSettings = {
				ALWAYS_SEARCH_USER_PATHS = NO;
				ASSETCATALOG_COMPILER_GENERATE_SWIFT_ASSET_SYMBOL_EXTENSIONS = YES;
				CLANG_ANALYZER_NONNULL = YES;
				CLANG_ANALYZER_NUMBER_OBJECT_CONVERSION = YES_AGGRESSIVE;
				CLANG_CXX_LANGUAGE_STANDARD = "gnu++20";
				CLANG_ENABLE_MODULES = YES;
				CLANG_ENABLE_OBJC_ARC = YES;
				CLANG_ENABLE_OBJC_WEAK = YES;
				CLANG_WARN_BLOCK_CAPTURE_AUTORELEASING = YES;
				CLANG_WARN_BOOL_CONVERSION = YES;
				CLANG_WARN_COMMA = YES;
				CLANG_WARN_CONSTANT_CONVERSION = YES;
				CLANG_WARN_DEPRECATED_OBJC_IMPLEMENTATIONS = YES;
				CLANG_WARN_DIRECT_OBJC_ISA_USAGE = YES_ERROR;
				CLANG_WARN_DOCUMENTATION_COMMENTS = YES;
				CLANG_WARN_EMPTY_BODY = YES;
				CLANG_WARN_ENUM_CONVERSION = YES;
				CLANG_WARN_INFINITE_RECURSION = YES;
				CLANG_WARN_INT_CONVERSION = YES;
				CLANG_WARN_NON_LITERAL_NULL_CONVERSION = YES;
				CLANG_WARN_OBJC_IMPLICIT_RETAIN_SELF = YES;
				CLANG_WARN_OBJC_LITERAL_CONVERSION = YES;
				CLANG_WARN_OBJC_ROOT_CLASS = YES_ERROR;
				CLANG_WARN_QUOTED_INCLUDE_IN_FRAMEWORK_HEADER = YES;
				CLANG_WARN_RANGE_LOOP_ANALYSIS = YES;
				CLANG_WARN_STRICT_PROTOTYPES = YES;
				CLANG_WARN_SUSPICIOUS_MOVE = YES;
				CLANG_WARN_UNGUARDED_AVAILABILITY = YES_AGGRESSIVE;
				CLANG_WARN_UNREACHABLE_CODE = YES;
				CLANG_WARN__DUPLICATE_METHOD_MATCH = YES;
				COPY_PHASE_STRIP = NO;
				DEBUG_INFORMATION_FORMAT = dwarf;
				ENABLE_STRICT_OBJC_MSGSEND = YES;
				ENABLE_TESTABILITY = YES;
				ENABLE_USER_SCRIPT_SANDBOXING = YES;
				GCC_C_LANGUAGE_STANDARD = gnu17;
				GCC_DYNAMIC_NO_PIC = NO;
				GCC_NO_COMMON_BLOCKS = YES;
				GCC_OPTIMIZATION_LEVEL = 0;
				GCC_PREPROCESSOR_DEFINITIONS = (
					"DEBUG=1",
					"$(inherited)",
				);
				GCC_WARN_64_TO_32_BIT_CONVERSION = YES;
				GCC_WARN_ABOUT_RETURN_TYPE = YES_ERROR;
				GCC_WARN_UNDECLARED_SELECTOR = YES;
				GCC_WARN_UNINITIALIZED_AUTOS = YES_AGGRESSIVE;
				GCC_WARN_UNUSED_FUNCTION = YES;
				GCC_WARN_UNUSED_VARIABLE = YES;
				IPHONEOS_DEPLOYMENT_TARGET = 17.5;
				LOCALIZATION_PREFERS_STRING_CATALOGS = YES;
				MTL_ENABLE_DEBUG_INFO = INCLUDE_SOURCE;
				MTL_FAST_MATH = YES;
				ONLY_ACTIVE_ARCH = YES;
				SDKROOT = iphoneos;
				SWIFT_ACTIVE_COMPILATION_CONDITIONS = "DEBUG $(inherited)";
				SWIFT_OPTIMIZATION_LEVEL = "-Onone";
			};
			name = Debug;
		};
		2D191DC62D1F2859009B410F /* Release */ = {
			isa = XCBuildConfiguration;
			buildSettings = {
				ALWAYS_SEARCH_USER_PATHS = NO;
				ASSETCATALOG_COMPILER_GENERATE_SWIFT_ASSET_SYMBOL_EXTENSIONS = YES;
				CLANG_ANALYZER_NONNULL = YES;
				CLANG_ANALYZER_NUMBER_OBJECT_CONVERSION = YES_AGGRESSIVE;
				CLANG_CXX_LANGUAGE_STANDARD = "gnu++20";
				CLANG_ENABLE_MODULES = YES;
				CLANG_ENABLE_OBJC_ARC = YES;
				CLANG_ENABLE_OBJC_WEAK = YES;
				CLANG_WARN_BLOCK_CAPTURE_AUTORELEASING = YES;
				CLANG_WARN_BOOL_CONVERSION = YES;
				CLANG_WARN_COMMA = YES;
				CLANG_WARN_CONSTANT_CONVERSION = YES;
				CLANG_WARN_DEPRECATED_OBJC_IMPLEMENTATIONS = YES;
				CLANG_WARN_DIRECT_OBJC_ISA_USAGE = YES_ERROR;
				CLANG_WARN_DOCUMENTATION_COMMENTS = YES;
				CLANG_WARN_EMPTY_BODY = YES;
				CLANG_WARN_ENUM_CONVERSION = YES;
				CLANG_WARN_INFINITE_RECURSION = YES;
				CLANG_WARN_INT_CONVERSION = YES;
				CLANG_WARN_NON_LITERAL_NULL_CONVERSION = YES;
				CLANG_WARN_OBJC_IMPLICIT_RETAIN_SELF = YES;
				CLANG_WARN_OBJC_LITERAL_CONVERSION = YES;
				CLANG_WARN_OBJC_ROOT_CLASS = YES_ERROR;
				CLANG_WARN_QUOTED_INCLUDE_IN_FRAMEWORK_HEADER = YES;
				CLANG_WARN_RANGE_LOOP_ANALYSIS = YES;
				CLANG_WARN_STRICT_PROTOTYPES = YES;
				CLANG_WARN_SUSPICIOUS_MOVE = YES;
				CLANG_WARN_UNGUARDED_AVAILABILITY = YES_AGGRESSIVE;
				CLANG_WARN_UNREACHABLE_CODE = YES;
				CLANG_WARN__DUPLICATE_METHOD_MATCH = YES;
				COPY_PHASE_STRIP = NO;
				DEBUG_INFORMATION_FORMAT = "dwarf-with-dsym";
				ENABLE_NS_ASSERTIONS = NO;
				ENABLE_STRICT_OBJC_MSGSEND = YES;
				ENABLE_USER_SCRIPT_SANDBOXING = YES;
				GCC_C_LANGUAGE_STANDARD = gnu17;
				GCC_NO_COMMON_BLOCKS = YES;
				GCC_WARN_64_TO_32_BIT_CONVERSION = YES;
				GCC_WARN_ABOUT_RETURN_TYPE = YES_ERROR;
				GCC_WARN_UNDECLARED_SELECTOR = YES;
				GCC_WARN_UNINITIALIZED_AUTOS = YES_AGGRESSIVE;
				GCC_WARN_UNUSED_FUNCTION = YES;
				GCC_WARN_UNUSED_VARIABLE = YES;
				IPHONEOS_DEPLOYMENT_TARGET = 17.5;
				LOCALIZATION_PREFERS_STRING_CATALOGS = YES;
				MTL_ENABLE_DEBUG_INFO = NO;
				MTL_FAST_MATH = YES;
				SDKROOT = iphoneos;
				SWIFT_COMPILATION_MODE = wholemodule;
				VALIDATE_PRODUCT = YES;
			};
			name = Release;
		};
		2D191DC82D1F2859009B410F /* Debug */ = {
			isa = XCBuildConfiguration;
			buildSettings = {
				ASSETCATALOG_COMPILER_APPICON_NAME = AppIcon;
				ASSETCATALOG_COMPILER_GLOBAL_ACCENT_COLOR_NAME = AccentColor;
				CODE_SIGN_STYLE = Automatic;
				CURRENT_PROJECT_VERSION = 1;
				DEVELOPMENT_ASSET_PATHS = "\"CheckList/Preview Content\"";
				DEVELOPMENT_TEAM = 79KTTT76RY;
				ENABLE_PREVIEWS = YES;
				GENERATE_INFOPLIST_FILE = YES;
				INFOPLIST_KEY_UIApplicationSceneManifest_Generation = YES;
				INFOPLIST_KEY_UIApplicationSupportsIndirectInputEvents = YES;
				INFOPLIST_KEY_UILaunchScreen_Generation = YES;
				INFOPLIST_KEY_UISupportedInterfaceOrientations_iPad = "UIInterfaceOrientationPortrait UIInterfaceOrientationPortraitUpsideDown UIInterfaceOrientationLandscapeLeft UIInterfaceOrientationLandscapeRight";
				INFOPLIST_KEY_UISupportedInterfaceOrientations_iPhone = "UIInterfaceOrientationPortrait UIInterfaceOrientationLandscapeLeft UIInterfaceOrientationLandscapeRight";
				LD_RUNPATH_SEARCH_PATHS = (
					"$(inherited)",
					"@executable_path/Frameworks",
				);
				MARKETING_VERSION = 1.0;
				PRODUCT_BUNDLE_IDENTIFIER = "projektstudium-ws2024.CheckList";
				PRODUCT_NAME = "$(TARGET_NAME)";
				SWIFT_EMIT_LOC_STRINGS = YES;
				SWIFT_VERSION = 5.0;
				TARGETED_DEVICE_FAMILY = "1,2";
			};
			name = Debug;
		};
		2D191DC92D1F2859009B410F /* Release */ = {
			isa = XCBuildConfiguration;
			buildSettings = {
				ASSETCATALOG_COMPILER_APPICON_NAME = AppIcon;
				ASSETCATALOG_COMPILER_GLOBAL_ACCENT_COLOR_NAME = AccentColor;
				CODE_SIGN_STYLE = Automatic;
				CURRENT_PROJECT_VERSION = 1;
				DEVELOPMENT_ASSET_PATHS = "\"CheckList/Preview Content\"";
				DEVELOPMENT_TEAM = 79KTTT76RY;
				ENABLE_PREVIEWS = YES;
				GENERATE_INFOPLIST_FILE = YES;
				INFOPLIST_KEY_UIApplicationSceneManifest_Generation = YES;
				INFOPLIST_KEY_UIApplicationSupportsIndirectInputEvents = YES;
				INFOPLIST_KEY_UILaunchScreen_Generation = YES;
				INFOPLIST_KEY_UISupportedInterfaceOrientations_iPad = "UIInterfaceOrientationPortrait UIInterfaceOrientationPortraitUpsideDown UIInterfaceOrientationLandscapeLeft UIInterfaceOrientationLandscapeRight";
				INFOPLIST_KEY_UISupportedInterfaceOrientations_iPhone = "UIInterfaceOrientationPortrait UIInterfaceOrientationLandscapeLeft UIInterfaceOrientationLandscapeRight";
				LD_RUNPATH_SEARCH_PATHS = (
					"$(inherited)",
					"@executable_path/Frameworks",
				);
				MARKETING_VERSION = 1.0;
				PRODUCT_BUNDLE_IDENTIFIER = "projektstudium-ws2024.CheckList";
				PRODUCT_NAME = "$(TARGET_NAME)";
				SWIFT_EMIT_LOC_STRINGS = YES;
				SWIFT_VERSION = 5.0;
				TARGETED_DEVICE_FAMILY = "1,2";
			};
			name = Release;
		};
/* End XCBuildConfiguration section */

/* Begin XCConfigurationList section */
		2D191DB42D1F2858009B410F /* Build configuration list for PBXProject "CheckList" */ = {
			isa = XCConfigurationList;
			buildConfigurations = (
				2D191DC52D1F2859009B410F /* Debug */,
				2D191DC62D1F2859009B410F /* Release */,
			);
			defaultConfigurationIsVisible = 0;
			defaultConfigurationName = Release;
		};
		2D191DC72D1F2859009B410F /* Build configuration list for PBXNativeTarget "CheckList" */ = {
			isa = XCConfigurationList;
			buildConfigurations = (
				2D191DC82D1F2859009B410F /* Debug */,
				2D191DC92D1F2859009B410F /* Release */,
			);
			defaultConfigurationIsVisible = 0;
			defaultConfigurationName = Release;
		};
/* End XCConfigurationList section */
	};
	rootObject = 2D191DB12D1F2858009B410F /* Project object */;
}
